
Microsoft Visual Studio Solution File, Format Version 12.00
# Visual Studio Version 17
VisualStudioVersion = 17.8.34322.80
MinimumVisualStudioVersion = 10.0.40219.1
Project("{FAE04EC0-301F-11D3-BF4B-00C04F79EFBC}") = "Gralphql server", "Gralphql server.csproj", "{BDFBF172-7CE3-4B0E-A565-FF1DEC1DE093}"
EndProject
Global
	GlobalSection(SolutionConfigurationPlatforms) = preSolution
		Debug|Any CPU = Debug|Any CPU
		Release|Any CPU = Release|Any CPU
	EndGlobalSection
	GlobalSection(ProjectConfigurationPlatforms) = postSolution
		{BDFBF172-7CE3-4B0E-A565-FF1DEC1DE093}.Debug|Any CPU.ActiveCfg = Debug|Any CPU
		{BDFBF172-7CE3-4B0E-A565-FF1DEC1DE093}.Debug|Any CPU.Build.0 = Debug|Any CPU
		{BDFBF172-7CE3-4B0E-A565-FF1DEC1DE093}.Release|Any CPU.ActiveCfg = Release|Any CPU
		{BDFBF172-7CE3-4B0E-A565-FF1DEC1DE093}.Release|Any CPU.Build.0 = Release|Any CPU
	EndGlobalSection
	GlobalSection(SolutionProperties) = preSolution
		HideSolutionNode = FALSE
	EndGlobalSection
	GlobalSection(ExtensibilityGlobals) = postSolution
		SolutionGuid = {3D8CBD86-B7A1-4D44-B92B-D391721A0F49}
	EndGlobalSection
EndGlobal
